
Microsoft Visual Studio Solution File, Format Version 12.00
Project("{2150E333-8FDC-42A3-9474-1A3956D46DE8}") = "Source", "Source", "{76ACFCD9-8B18-4BED-BC8D-667498B03C34}"
EndProject
Project("{FAE04EC0-301F-11D3-BF4B-00C04F79EFBC}") = "CollectiveMind.Api", "Source\CollectiveMind.Api\CollectiveMind.Api.csproj", "{76994434-5B8F-4B12-8333-2E344170A8BB}"
EndProject
Project("{FAE04EC0-301F-11D3-BF4B-00C04F79EFBC}") = "CollectiveMind.Business", "Source\CollectiveMind.Business\CollectiveMind.Business.csproj", "{FD66F9B3-18CC-4101-9312-828B95666645}"
EndProject
Project("{FAE04EC0-301F-11D3-BF4B-00C04F79EFBC}") = "CollectiveMind.Data", "Source\CollectiveMind.Data\CollectiveMind.Data.csproj", "{5D7160F8-BAEB-4CDD-B882-0E70441B6750}"
EndProject
Project("{2150E333-8FDC-42A3-9474-1A3956D46DE8}") = "Tests", "Tests", "{3C68ACC9-AE9F-4888-9DB4-0448C6FB66FD}"
EndProject
Project("{FAE04EC0-301F-11D3-BF4B-00C04F79EFBC}") = "CollectiveMind.Business.Tests", "Tests\CollectiveMind.Business.Tests\CollectiveMind.Business.Tests.csproj", "{14791438-9523-4B0A-9265-6BE2A2D4367D}"
EndProject
Project("{FAE04EC0-301F-11D3-BF4B-00C04F79EFBC}") = "CollectiveMind.Data.Tests.Integration", "Tests\CollectiveMind.Data.Tests.Integration\CollectiveMind.Data.Tests.Integration.csproj", "{5270E845-27B0-4E2F-9802-908580E3E09D}"
EndProject
Project("{FAE04EC0-301F-11D3-BF4B-00C04F79EFBC}") = "docker-compose", "docker-compose.dcproj", "{AC46B998-700A-4DA5-9E1F-42083F6C3610}"
EndProject
Project("{FAE04EC0-301F-11D3-BF4B-00C04F79EFBC}") = "CollectiveMind.Graph", "Source\CollectiveMind.Graph\CollectiveMind.Graph.csproj", "{526A4B63-6349-4422-8D37-2D0D881BBE38}"
EndProject
Project("{FAE04EC0-301F-11D3-BF4B-00C04F79EFBC}") = "CollectiveMind.UnitTests.Graph", "Tests\CollectiveMind.UnitTests.Graph\CollectiveMind.UnitTests.Graph.csproj", "{CC0DAE1C-6FD8-431C-A894-1AF80A266967}"
EndProject
Global
	GlobalSection(SolutionConfigurationPlatforms) = preSolution
		Debug|Any CPU = Debug|Any CPU
		Release|Any CPU = Release|Any CPU
	EndGlobalSection
	GlobalSection(ProjectConfigurationPlatforms) = postSolution
		{76994434-5B8F-4B12-8333-2E344170A8BB}.Debug|Any CPU.ActiveCfg = Debug|Any CPU
		{76994434-5B8F-4B12-8333-2E344170A8BB}.Debug|Any CPU.Build.0 = Debug|Any CPU
		{76994434-5B8F-4B12-8333-2E344170A8BB}.Release|Any CPU.ActiveCfg = Release|Any CPU
		{76994434-5B8F-4B12-8333-2E344170A8BB}.Release|Any CPU.Build.0 = Release|Any CPU
		{FD66F9B3-18CC-4101-9312-828B95666645}.Debug|Any CPU.ActiveCfg = Debug|Any CPU
		{FD66F9B3-18CC-4101-9312-828B95666645}.Debug|Any CPU.Build.0 = Debug|Any CPU
		{FD66F9B3-18CC-4101-9312-828B95666645}.Release|Any CPU.ActiveCfg = Release|Any CPU
		{FD66F9B3-18CC-4101-9312-828B95666645}.Release|Any CPU.Build.0 = Release|Any CPU
		{5D7160F8-BAEB-4CDD-B882-0E70441B6750}.Debug|Any CPU.ActiveCfg = Debug|Any CPU
		{5D7160F8-BAEB-4CDD-B882-0E70441B6750}.Debug|Any CPU.Build.0 = Debug|Any CPU
		{5D7160F8-BAEB-4CDD-B882-0E70441B6750}.Release|Any CPU.ActiveCfg = Release|Any CPU
		{5D7160F8-BAEB-4CDD-B882-0E70441B6750}.Release|Any CPU.Build.0 = Release|Any CPU
		{14791438-9523-4B0A-9265-6BE2A2D4367D}.Debug|Any CPU.ActiveCfg = Debug|Any CPU
		{14791438-9523-4B0A-9265-6BE2A2D4367D}.Debug|Any CPU.Build.0 = Debug|Any CPU
		{14791438-9523-4B0A-9265-6BE2A2D4367D}.Release|Any CPU.ActiveCfg = Release|Any CPU
		{14791438-9523-4B0A-9265-6BE2A2D4367D}.Release|Any CPU.Build.0 = Release|Any CPU
		{5270E845-27B0-4E2F-9802-908580E3E09D}.Debug|Any CPU.ActiveCfg = Debug|Any CPU
		{5270E845-27B0-4E2F-9802-908580E3E09D}.Debug|Any CPU.Build.0 = Debug|Any CPU
		{5270E845-27B0-4E2F-9802-908580E3E09D}.Release|Any CPU.ActiveCfg = Release|Any CPU
		{5270E845-27B0-4E2F-9802-908580E3E09D}.Release|Any CPU.Build.0 = Release|Any CPU
		{526A4B63-6349-4422-8D37-2D0D881BBE38}.Debug|Any CPU.ActiveCfg = Debug|Any CPU
		{526A4B63-6349-4422-8D37-2D0D881BBE38}.Debug|Any CPU.Build.0 = Debug|Any CPU
		{526A4B63-6349-4422-8D37-2D0D881BBE38}.Release|Any CPU.ActiveCfg = Release|Any CPU
		{526A4B63-6349-4422-8D37-2D0D881BBE38}.Release|Any CPU.Build.0 = Release|Any CPU
		{CC0DAE1C-6FD8-431C-A894-1AF80A266967}.Debug|Any CPU.ActiveCfg = Debug|Any CPU
		{CC0DAE1C-6FD8-431C-A894-1AF80A266967}.Debug|Any CPU.Build.0 = Debug|Any CPU
		{CC0DAE1C-6FD8-431C-A894-1AF80A266967}.Release|Any CPU.ActiveCfg = Release|Any CPU
		{CC0DAE1C-6FD8-431C-A894-1AF80A266967}.Release|Any CPU.Build.0 = Release|Any CPU
	EndGlobalSection
	GlobalSection(NestedProjects) = preSolution
		{76994434-5B8F-4B12-8333-2E344170A8BB} = {76ACFCD9-8B18-4BED-BC8D-667498B03C34}
		{FD66F9B3-18CC-4101-9312-828B95666645} = {76ACFCD9-8B18-4BED-BC8D-667498B03C34}
		{5D7160F8-BAEB-4CDD-B882-0E70441B6750} = {76ACFCD9-8B18-4BED-BC8D-667498B03C34}
		{14791438-9523-4B0A-9265-6BE2A2D4367D} = {3C68ACC9-AE9F-4888-9DB4-0448C6FB66FD}
		{5270E845-27B0-4E2F-9802-908580E3E09D} = {3C68ACC9-AE9F-4888-9DB4-0448C6FB66FD}
		{526A4B63-6349-4422-8D37-2D0D881BBE38} = {76ACFCD9-8B18-4BED-BC8D-667498B03C34}
		{CC0DAE1C-6FD8-431C-A894-1AF80A266967} = {3C68ACC9-AE9F-4888-9DB4-0448C6FB66FD}
	EndGlobalSection
EndGlobal
